
Microsoft Visual Studio Solution File, Format Version 12.00
# Visual Studio Version 17
VisualStudioVersion = 17.0.31912.275
MinimumVisualStudioVersion = 10.0.40219.1
Project("{FAE04EC0-301F-11D3-BF4B-00C04F79EFBC}") = "Initial", "Initial\Initial.csproj", "{B9A02FC1-3958-4B08-A315-27A1024BE042}"
EndProject
Global
	GlobalSection(SolutionConfigurationPlatforms) = preSolution
		Debug|Any CPU = Debug|Any CPU
		Release|Any CPU = Release|Any CPU
	EndGlobalSection
	GlobalSection(ProjectConfigurationPlatforms) = postSolution
		{B9A02FC1-3958-4B08-A315-27A1024BE042}.Debug|Any CPU.ActiveCfg = Debug|Any CPU
		{B9A02FC1-3958-4B08-A315-27A1024BE042}.Debug|Any CPU.Build.0 = Debug|Any CPU
		{B9A02FC1-3958-4B08-A315-27A1024BE042}.Release|Any CPU.ActiveCfg = Release|Any CPU
		{B9A02FC1-3958-4B08-A315-27A1024BE042}.Release|Any CPU.Build.0 = Release|Any CPU
	EndGlobalSection
	GlobalSection(SolutionProperties) = preSolution
		HideSolutionNode = FALSE
	EndGlobalSection
	GlobalSection(ExtensibilityGlobals) = postSolution
		SolutionGuid = {5064A7BF-ED97-4CA3-A51A-23E41C185FC6}
	EndGlobalSection
EndGlobal
